
Microsoft Visual Studio Solution File, Format Version 12.00
# Visual Studio 15
VisualStudioVersion = 15.0.27703.2035
MinimumVisualStudioVersion = 10.0.40219.1
Project("{FAE04EC0-301F-11D3-BF4B-00C04F79EFBC}") = "FinalExam", "FinalExam\FinalExam.csproj", "{FE6B4BD2-6B83-4FCE-90B9-409602A8AB7F}"
EndProject
Global
	GlobalSection(SolutionConfigurationPlatforms) = preSolution
		Debug|Any CPU = Debug|Any CPU
		Release|Any CPU = Release|Any CPU
	EndGlobalSection
	GlobalSection(ProjectConfigurationPlatforms) = postSolution
		{FE6B4BD2-6B83-4FCE-90B9-409602A8AB7F}.Debug|Any CPU.ActiveCfg = Debug|Any CPU
		{FE6B4BD2-6B83-4FCE-90B9-409602A8AB7F}.Debug|Any CPU.Build.0 = Debug|Any CPU
		{FE6B4BD2-6B83-4FCE-90B9-409602A8AB7F}.Release|Any CPU.ActiveCfg = Release|Any CPU
		{FE6B4BD2-6B83-4FCE-90B9-409602A8AB7F}.Release|Any CPU.Build.0 = Release|Any CPU
	EndGlobalSection
	GlobalSection(SolutionProperties) = preSolution
		HideSolutionNode = FALSE
	EndGlobalSection
	GlobalSection(ExtensibilityGlobals) = postSolution
		SolutionGuid = {CE948988-3EAC-475A-BAA1-8B436860E364}
	EndGlobalSection
EndGlobal
